// !$*UTF8*$!
{
	archiveVersion = 1;
	classes = {
	};
	objectVersion = 46;
	objects = {

/* Begin PBXBuildFile section */
		1F667EFC1ADF3C86004303DA /* FileHandler.swift in Sources */ = {isa = PBXBuildFile; fileRef = 1F667EFB1ADF3C86004303DA /* FileHandler.swift */; };
		93FD3E011AD9A80F00D10AED /* AppDelegate.swift in Sources */ = {isa = PBXBuildFile; fileRef = 93FD3E001AD9A80F00D10AED /* AppDelegate.swift */; };
		93FD3E031AD9A80F00D10AED /* MasterViewController.swift in Sources */ = {isa = PBXBuildFile; fileRef = 93FD3E021AD9A80F00D10AED /* MasterViewController.swift */; };
		93FD3E051AD9A80F00D10AED /* DetailViewController.swift in Sources */ = {isa = PBXBuildFile; fileRef = 93FD3E041AD9A80F00D10AED /* DetailViewController.swift */; };
		93FD3E081AD9A80F00D10AED /* Main.storyboard in Resources */ = {isa = PBXBuildFile; fileRef = 93FD3E061AD9A80F00D10AED /* Main.storyboard */; };
		93FD3E0A1AD9A80F00D10AED /* Images.xcassets in Resources */ = {isa = PBXBuildFile; fileRef = 93FD3E091AD9A80F00D10AED /* Images.xcassets */; };
		93FD3E0D1AD9A80F00D10AED /* LaunchScreen.xib in Resources */ = {isa = PBXBuildFile; fileRef = 93FD3E0B1AD9A80F00D10AED /* LaunchScreen.xib */; };
		93FD3E191AD9A80F00D10AED /* ContactViewerTests.swift in Sources */ = {isa = PBXBuildFile; fileRef = 93FD3E181AD9A80F00D10AED /* ContactViewerTests.swift */; };
		93FD3E231AD9A83900D10AED /* Contact.swift in Sources */ = {isa = PBXBuildFile; fileRef = 93FD3E221AD9A83900D10AED /* Contact.swift */; };
		93FD3E251AD9BCE900D10AED /* EditViewController.swift in Sources */ = {isa = PBXBuildFile; fileRef = 93FD3E241AD9BCE900D10AED /* EditViewController.swift */; };
		93FD3E271AD9BFD000D10AED /* EditViewController.xib in Resources */ = {isa = PBXBuildFile; fileRef = 93FD3E261AD9BFD000D10AED /* EditViewController.xib */; };
/* End PBXBuildFile section */

/* Begin PBXContainerItemProxy section */
		93FD3E131AD9A80F00D10AED /* PBXContainerItemProxy */ = {
			isa = PBXContainerItemProxy;
			containerPortal = 93FD3DF31AD9A80F00D10AED /* Project object */;
			proxyType = 1;
			remoteGlobalIDString = 93FD3DFA1AD9A80F00D10AED;
			remoteInfo = ContactViewer;
		};
/* End PBXContainerItemProxy section */

/* Begin PBXFileReference section */
		1F667EFB1ADF3C86004303DA /* FileHandler.swift */ = {isa = PBXFileReference; fileEncoding = 4; lastKnownFileType = sourcecode.swift; path = FileHandler.swift; sourceTree = "<group>"; };
		93FD3DFB1AD9A80F00D10AED /* ContactViewer.app */ = {isa = PBXFileReference; explicitFileType = wrapper.application; includeInIndex = 0; path = ContactViewer.app; sourceTree = BUILT_PRODUCTS_DIR; };
		93FD3DFF1AD9A80F00D10AED /* Info.plist */ = {isa = PBXFileReference; lastKnownFileType = text.plist.xml; path = Info.plist; sourceTree = "<group>"; };
		93FD3E001AD9A80F00D10AED /* AppDelegate.swift */ = {isa = PBXFileReference; lastKnownFileType = sourcecode.swift; path = AppDelegate.swift; sourceTree = "<group>"; };
		93FD3E021AD9A80F00D10AED /* MasterViewController.swift */ = {isa = PBXFileReference; lastKnownFileType = sourcecode.swift; path = MasterViewController.swift; sourceTree = "<group>"; };
		93FD3E041AD9A80F00D10AED /* DetailViewController.swift */ = {isa = PBXFileReference; lastKnownFileType = sourcecode.swift; path = DetailViewController.swift; sourceTree = "<group>"; };
		93FD3E071AD9A80F00D10AED /* Base */ = {isa = PBXFileReference; lastKnownFileType = file.storyboard; name = Base; path = Base.lproj/Main.storyboard; sourceTree = "<group>"; };
		93FD3E091AD9A80F00D10AED /* Images.xcassets */ = {isa = PBXFileReference; lastKnownFileType = folder.assetcatalog; path = Images.xcassets; sourceTree = "<group>"; };
		93FD3E0C1AD9A80F00D10AED /* Base */ = {isa = PBXFileReference; lastKnownFileType = file.xib; name = Base; path = Base.lproj/LaunchScreen.xib; sourceTree = "<group>"; };
		93FD3E121AD9A80F00D10AED /* ContactViewerTests.xctest */ = {isa = PBXFileReference; explicitFileType = wrapper.cfbundle; includeInIndex = 0; path = ContactViewerTests.xctest; sourceTree = BUILT_PRODUCTS_DIR; };
		93FD3E171AD9A80F00D10AED /* Info.plist */ = {isa = PBXFileReference; lastKnownFileType = text.plist.xml; path = Info.plist; sourceTree = "<group>"; };
		93FD3E181AD9A80F00D10AED /* ContactViewerTests.swift */ = {isa = PBXFileReference; lastKnownFileType = sourcecode.swift; path = ContactViewerTests.swift; sourceTree = "<group>"; };
		93FD3E221AD9A83900D10AED /* Contact.swift */ = {isa = PBXFileReference; fileEncoding = 4; lastKnownFileType = sourcecode.swift; path = Contact.swift; sourceTree = "<group>"; };
		93FD3E241AD9BCE900D10AED /* EditViewController.swift */ = {isa = PBXFileReference; fileEncoding = 4; lastKnownFileType = sourcecode.swift; path = EditViewController.swift; sourceTree = "<group>"; };
		93FD3E261AD9BFD000D10AED /* EditViewController.xib */ = {isa = PBXFileReference; fileEncoding = 4; lastKnownFileType = file.xib; path = EditViewController.xib; sourceTree = "<group>"; };
/* End PBXFileReference section */

/* Begin PBXFrameworksBuildPhase section */
		93FD3DF81AD9A80F00D10AED /* Frameworks */ = {
			isa = PBXFrameworksBuildPhase;
			buildActionMask = 2147483647;
			files = (
			);
			runOnlyForDeploymentPostprocessing = 0;
		};
		93FD3E0F1AD9A80F00D10AED /* Frameworks */ = {
			isa = PBXFrameworksBuildPhase;
			buildActionMask = 2147483647;
			files = (
			);
			runOnlyForDeploymentPostprocessing = 0;
		};
/* End PBXFrameworksBuildPhase section */

/* Begin PBXGroup section */
		93FD3DF21AD9A80F00D10AED = {
			isa = PBXGroup;
			children = (
				93FD3DFD1AD9A80F00D10AED /* ContactViewer */,
				93FD3E151AD9A80F00D10AED /* ContactViewerTests */,
				93FD3DFC1AD9A80F00D10AED /* Products */,
			);
			sourceTree = "<group>";
		};
		93FD3DFC1AD9A80F00D10AED /* Products */ = {
			isa = PBXGroup;
			children = (
				93FD3DFB1AD9A80F00D10AED /* ContactViewer.app */,
				93FD3E121AD9A80F00D10AED /* ContactViewerTests.xctest */,
			);
			name = Products;
			sourceTree = "<group>";
		};
		93FD3DFD1AD9A80F00D10AED /* ContactViewer */ = {
			isa = PBXGroup;
			children = (
				93FD3E001AD9A80F00D10AED /* AppDelegate.swift */,
				93FD3E021AD9A80F00D10AED /* MasterViewController.swift */,
				93FD3E041AD9A80F00D10AED /* DetailViewController.swift */,
				93FD3E061AD9A80F00D10AED /* Main.storyboard */,
				93FD3E091AD9A80F00D10AED /* Images.xcassets */,
				93FD3E0B1AD9A80F00D10AED /* LaunchScreen.xib */,
				93FD3DFE1AD9A80F00D10AED /* Supporting Files */,
				93FD3E221AD9A83900D10AED /* Contact.swift */,
				93FD3E241AD9BCE900D10AED /* EditViewController.swift */,
				93FD3E261AD9BFD000D10AED /* EditViewController.xib */,
				1F667EFB1ADF3C86004303DA /* FileHandler.swift */,
			);
			path = ContactViewer;
			sourceTree = "<group>";
		};
		93FD3DFE1AD9A80F00D10AED /* Supporting Files */ = {
			isa = PBXGroup;
			children = (
				93FD3DFF1AD9A80F00D10AED /* Info.plist */,
			);
			name = "Supporting Files";
			sourceTree = "<group>";
		};
		93FD3E151AD9A80F00D10AED /* ContactViewerTests */ = {
			isa = PBXGroup;
			children = (
				93FD3E181AD9A80F00D10AED /* ContactViewerTests.swift */,
				93FD3E161AD9A80F00D10AED /* Supporting Files */,
			);
			path = ContactViewerTests;
			sourceTree = "<group>";
		};
		93FD3E161AD9A80F00D10AED /* Supporting Files */ = {
			isa = PBXGroup;
			children = (
				93FD3E171AD9A80F00D10AED /* Info.plist */,
			);
			name = "Supporting Files";
			sourceTree = "<group>";
		};
/* End PBXGroup section */

/* Begin PBXNativeTarget section */
		93FD3DFA1AD9A80F00D10AED /* ContactViewer */ = {
			isa = PBXNativeTarget;
			buildConfigurationList = 93FD3E1C1AD9A80F00D10AED /* Build configuration list for PBXNativeTarget "ContactViewer" */;
			buildPhases = (
				93FD3DF71AD9A80F00D10AED /* Sources */,
				93FD3DF81AD9A80F00D10AED /* Frameworks */,
				93FD3DF91AD9A80F00D10AED /* Resources */,
			);
			buildRules = (
			);
			dependencies = (
			);
			name = ContactViewer;
			productName = ContactViewer;
			productReference = 93FD3DFB1AD9A80F00D10AED /* ContactViewer.app */;
			productType = "com.apple.product-type.application";
		};
		93FD3E111AD9A80F00D10AED /* ContactViewerTests */ = {
			isa = PBXNativeTarget;
			buildConfigurationList = 93FD3E1F1AD9A80F00D10AED /* Build configuration list for PBXNativeTarget "ContactViewerTests" */;
			buildPhases = (
				93FD3E0E1AD9A80F00D10AED /* Sources */,
				93FD3E0F1AD9A80F00D10AED /* Frameworks */,
				93FD3E101AD9A80F00D10AED /* Resources */,
			);
			buildRules = (
			);
			dependencies = (
				93FD3E141AD9A80F00D10AED /* PBXTargetDependency */,
			);
			name = ContactViewerTests;
			productName = ContactViewerTests;
			productReference = 93FD3E121AD9A80F00D10AED /* ContactViewerTests.xctest */;
			productType = "com.apple.product-type.bundle.unit-test";
		};
/* End PBXNativeTarget section */

/* Begin PBXProject section */
		93FD3DF31AD9A80F00D10AED /* Project object */ = {
			isa = PBXProject;
			attributes = {
				LastUpgradeCheck = 0620;
				ORGANIZATIONNAME = tinyapollo;
				TargetAttributes = {
					93FD3DFA1AD9A80F00D10AED = {
						CreatedOnToolsVersion = 6.2;
					};
					93FD3E111AD9A80F00D10AED = {
						CreatedOnToolsVersion = 6.2;
						TestTargetID = 93FD3DFA1AD9A80F00D10AED;
					};
				};
			};
			buildConfigurationList = 93FD3DF61AD9A80F00D10AED /* Build configuration list for PBXProject "ContactViewer" */;
			compatibilityVersion = "Xcode 3.2";
			developmentRegion = English;
			hasScannedForEncodings = 0;
			knownRegions = (
				en,
				Base,
			);
			mainGroup = 93FD3DF21AD9A80F00D10AED;
			productRefGroup = 93FD3DFC1AD9A80F00D10AED /* Products */;
			projectDirPath = "";
			projectRoot = "";
			targets = (
				93FD3DFA1AD9A80F00D10AED /* ContactViewer */,
				93FD3E111AD9A80F00D10AED /* ContactViewerTests */,
			);
		};
/* End PBXProject section */

/* Begin PBXResourcesBuildPhase section */
		93FD3DF91AD9A80F00D10AED /* Resources */ = {
			isa = PBXResourcesBuildPhase;
			buildActionMask = 2147483647;
			files = (
				93FD3E271AD9BFD000D10AED /* EditViewController.xib in Resources */,
				93FD3E081AD9A80F00D10AED /* Main.storyboard in Resources */,
				93FD3E0D1AD9A80F00D10AED /* LaunchScreen.xib in Resources */,
				93FD3E0A1AD9A80F00D10AED /* Images.xcassets in Resources */,
			);
			runOnlyForDeploymentPostprocessing = 0;
		};
		93FD3E101AD9A80F00D10AED /* Resources */ = {
			isa = PBXResourcesBuildPhase;
			buildActionMask = 2147483647;
			files = (
			);
			runOnlyForDeploymentPostprocessing = 0;
		};
/* End PBXResourcesBuildPhase section */

/* Begin PBXSourcesBuildPhase section */
		93FD3DF71AD9A80F00D10AED /* Sources */ = {
			isa = PBXSourcesBuildPhase;
			buildActionMask = 2147483647;
			files = (
				1F667EFC1ADF3C86004303DA /* FileHandler.swift in Sources */,
				93FD3E251AD9BCE900D10AED /* EditViewController.swift in Sources */,
				93FD3E231AD9A83900D10AED /* Contact.swift in Sources */,
				93FD3E051AD9A80F00D10AED /* DetailViewController.swift in Sources */,
				93FD3E031AD9A80F00D10AED /* MasterViewController.swift in Sources */,
				93FD3E011AD9A80F00D10AED /* AppDelegate.swift in Sources */,
			);
			runOnlyForDeploymentPostprocessing = 0;
		};
		93FD3E0E1AD9A80F00D10AED /* Sources */ = {
			isa = PBXSourcesBuildPhase;
			buildActionMask = 2147483647;
			files = (
				93FD3E191AD9A80F00D10AED /* ContactViewerTests.swift in Sources */,
			);
			runOnlyForDeploymentPostprocessing = 0;
		};
/* End PBXSourcesBuildPhase section */

/* Begin PBXTargetDependency section */
		93FD3E141AD9A80F00D10AED /* PBXTargetDependency */ = {
			isa = PBXTargetDependency;
			target = 93FD3DFA1AD9A80F00D10AED /* ContactViewer */;
			targetProxy = 93FD3E131AD9A80F00D10AED /* PBXContainerItemProxy */;
		};
/* End PBXTargetDependency section */

/* Begin PBXVariantGroup section */
		93FD3E061AD9A80F00D10AED /* Main.storyboard */ = {
			isa = PBXVariantGroup;
			children = (
				93FD3E071AD9A80F00D10AED /* Base */,
			);
			name = Main.storyboard;
			sourceTree = "<group>";
		};
		93FD3E0B1AD9A80F00D10AED /* LaunchScreen.xib */ = {
			isa = PBXVariantGroup;
			children = (
				93FD3E0C1AD9A80F00D10AED /* Base */,
			);
			name = LaunchScreen.xib;
			sourceTree = "<group>";
		};
/* End PBXVariantGroup section */

/* Begin XCBuildConfiguration section */
		93FD3E1A1AD9A80F00D10AED /* Debug */ = {
			isa = XCBuildConfiguration;
			buildSettings = {
				ALWAYS_SEARCH_USER_PATHS = NO;
				CLANG_CXX_LANGUAGE_STANDARD = "gnu++0x";
				CLANG_CXX_LIBRARY = "libc++";
				CLANG_ENABLE_MODULES = YES;
				CLANG_ENABLE_OBJC_ARC = YES;
				CLANG_WARN_BOOL_CONVERSION = YES;
				CLANG_WARN_CONSTANT_CONVERSION = YES;
				CLANG_WARN_DIRECT_OBJC_ISA_USAGE = YES_ERROR;
				CLANG_WARN_EMPTY_BODY = YES;
				CLANG_WARN_ENUM_CONVERSION = YES;
				CLANG_WARN_INT_CONVERSION = YES;
				CLANG_WARN_OBJC_ROOT_CLASS = YES_ERROR;
				CLANG_WARN_UNREACHABLE_CODE = YES;
				CLANG_WARN__DUPLICATE_METHOD_MATCH = YES;
				"CODE_SIGN_IDENTITY[sdk=iphoneos*]" = "iPhone Developer";
				COPY_PHASE_STRIP = NO;
				ENABLE_STRICT_OBJC_MSGSEND = YES;
				GCC_C_LANGUAGE_STANDARD = gnu99;
				GCC_DYNAMIC_NO_PIC = NO;
				GCC_OPTIMIZATION_LEVEL = 0;
				GCC_PREPROCESSOR_DEFINITIONS = (
					"DEBUG=1",
					"$(inherited)",
				);
				GCC_SYMBOLS_PRIVATE_EXTERN = NO;
				GCC_WARN_64_TO_32_BIT_CONVERSION = YES;
				GCC_WARN_ABOUT_RETURN_TYPE = YES_ERROR;
				GCC_WARN_UNDECLARED_SELECTOR = YES;
				GCC_WARN_UNINITIALIZED_AUTOS = YES_AGGRESSIVE;
				GCC_WARN_UNUSED_FUNCTION = YES;
				GCC_WARN_UNUSED_VARIABLE = YES;
				IPHONEOS_DEPLOYMENT_TARGET = 8.2;
				MTL_ENABLE_DEBUG_INFO = YES;
				ONLY_ACTIVE_ARCH = YES;
				SDKROOT = iphoneos;
				SWIFT_OPTIMIZATION_LEVEL = "-Onone";
				TARGETED_DEVICE_FAMILY = "1,2";
			};
			name = Debug;
		};
		93FD3E1B1AD9A80F00D10AED /* Release */ = {
			isa = XCBuildConfiguration;
			buildSettings = {
				ALWAYS_SEARCH_USER_PATHS = NO;
				CLANG_CXX_LANGUAGE_STANDARD = "gnu++0x";
				CLANG_CXX_LIBRARY = "libc++";
				CLANG_ENABLE_MODULES = YES;
				CLANG_ENABLE_OBJC_ARC = YES;
				CLANG_WARN_BOOL_CONVERSION = YES;
				CLANG_WARN_CONSTANT_CONVERSION = YES;
				CLANG_WARN_DIRECT_OBJC_ISA_USAGE = YES_ERROR;
				CLANG_WARN_EMPTY_BODY = YES;
				CLANG_WARN_ENUM_CONVERSION = YES;
				CLANG_WARN_INT_CONVERSION = YES;
				CLANG_WARN_OBJC_ROOT_CLASS = YES_ERROR;
				CLANG_WARN_UNREACHABLE_CODE = YES;
				CLANG_WARN__DUPLICATE_METHOD_MATCH = YES;
				"CODE_SIGN_IDENTITY[sdk=iphoneos*]" = "iPhone Developer";
				COPY_PHASE_STRIP = NO;
				ENABLE_NS_ASSERTIONS = NO;
				ENABLE_STRICT_OBJC_MSGSEND = YES;
				GCC_C_LANGUAGE_STANDARD = gnu99;
				GCC_WARN_64_TO_32_BIT_CONVERSION = YES;
				GCC_WARN_ABOUT_RETURN_TYPE = YES_ERROR;
				GCC_WARN_UNDECLARED_SELECTOR = YES;
				GCC_WARN_UNINITIALIZED_AUTOS = YES_AGGRESSIVE;
				GCC_WARN_UNUSED_FUNCTION = YES;
				GCC_WARN_UNUSED_VARIABLE = YES;
				IPHONEOS_DEPLOYMENT_TARGET = 8.2;
				MTL_ENABLE_DEBUG_INFO = NO;
				SDKROOT = iphoneos;
				TARGETED_DEVICE_FAMILY = "1,2";
				VALIDATE_PRODUCT = YES;
			};
			name = Release;
		};
		93FD3E1D1AD9A80F00D10AED /* Debug */ = {
			isa = XCBuildConfiguration;
			buildSettings = {
				ASSETCATALOG_COMPILER_APPICON_NAME = AppIcon;
				INFOPLIST_FILE = ContactViewer/Info.plist;
				LD_RUNPATH_SEARCH_PATHS = "$(inherited) @executable_path/Frameworks";
				PRODUCT_NAME = "$(TARGET_NAME)";
			};
			name = Debug;
		};
		93FD3E1E1AD9A80F00D10AED /* Release */ = {
			isa = XCBuildConfiguration;
			buildSettings = {
				ASSETCATALOG_COMPILER_APPICON_NAME = AppIcon;
				INFOPLIST_FILE = ContactViewer/Info.plist;
				LD_RUNPATH_SEARCH_PATHS = "$(inherited) @executable_path/Frameworks";
				PRODUCT_NAME = "$(TARGET_NAME)";
			};
			name = Release;
		};
		93FD3E201AD9A80F00D10AED /* Debug */ = {
			isa = XCBuildConfiguration;
			buildSettings = {
				BUNDLE_LOADER = "$(TEST_HOST)";
				FRAMEWORK_SEARCH_PATHS = (
					"$(SDKROOT)/Developer/Library/Frameworks",
					"$(inherited)",
				);
				GCC_PREPROCESSOR_DEFINITIONS = (
					"DEBUG=1",
					"$(inherited)",
				);
				INFOPLIST_FILE = ContactViewerTests/Info.plist;
				LD_RUNPATH_SEARCH_PATHS = "$(inherited) @executable_path/Frameworks @loader_path/Frameworks";
				PRODUCT_NAME = "$(TARGET_NAME)";
				TEST_HOST = "$(BUILT_PRODUCTS_DIR)/ContactViewer.app/ContactViewer";
			};
			name = Debug;
		};
		93FD3E211AD9A80F00D10AED /* Release */ = {
			isa = XCBuildConfiguration;
			buildSettings = {
				BUNDLE_LOADER = "$(TEST_HOST)";
				FRAMEWORK_SEARCH_PATHS = (
					"$(SDKROOT)/Developer/Library/Frameworks",
					"$(inherited)",
				);
				INFOPLIST_FILE = ContactViewerTests/Info.plist;
				LD_RUNPATH_SEARCH_PATHS = "$(inherited) @executable_path/Frameworks @loader_path/Frameworks";
				PRODUCT_NAME = "$(TARGET_NAME)";
				TEST_HOST = "$(BUILT_PRODUCTS_DIR)/ContactViewer.app/ContactViewer";
			};
			name = Release;
		};
/* End XCBuildConfiguration section */

/* Begin XCConfigurationList section */
		93FD3DF61AD9A80F00D10AED /* Build configuration list for PBXProject "ContactViewer" */ = {
			isa = XCConfigurationList;
			buildConfigurations = (
				93FD3E1A1AD9A80F00D10AED /* Debug */,
				93FD3E1B1AD9A80F00D10AED /* Release */,
			);
			defaultConfigurationIsVisible = 0;
			defaultConfigurationName = Release;
		};
		93FD3E1C1AD9A80F00D10AED /* Build configuration list for PBXNativeTarget "ContactViewer" */ = {
			isa = XCConfigurationList;
			buildConfigurations = (
				93FD3E1D1AD9A80F00D10AED /* Debug */,
				93FD3E1E1AD9A80F00D10AED /* Release */,
			);
			defaultConfigurationIsVisible = 0;
			defaultConfigurationName = Release;
		};
		93FD3E1F1AD9A80F00D10AED /* Build configuration list for PBXNativeTarget "ContactViewerTests" */ = {
			isa = XCConfigurationList;
			buildConfigurations = (
				93FD3E201AD9A80F00D10AED /* Debug */,
				93FD3E211AD9A80F00D10AED /* Release */,
			);
			defaultConfigurationIsVisible = 0;
			defaultConfigurationName = Release;
		};
/* End XCConfigurationList section */
	};
	rootObject = 93FD3DF31AD9A80F00D10AED /* Project object */;
}
